
Microsoft Visual Studio Solution File, Format Version 12.00
# Visual Studio 15
VisualStudioVersion = 15.0.27703.2035
MinimumVisualStudioVersion = 10.0.40219.1
Project("{FAE04EC0-301F-11D3-BF4B-00C04F79EFBC}") = "addressbook-web-tests1", "addressbook-web-tests1\addressbook-web-tests1.csproj", "{E8575DAB-B975-47A0-B755-D50235D76612}"
EndProject
Global
	GlobalSection(SolutionConfigurationPlatforms) = preSolution
		Debug|Any CPU = Debug|Any CPU
		Release|Any CPU = Release|Any CPU
	EndGlobalSection
	GlobalSection(ProjectConfigurationPlatforms) = postSolution
		{E8575DAB-B975-47A0-B755-D50235D76612}.Debug|Any CPU.ActiveCfg = Debug|Any CPU
		{E8575DAB-B975-47A0-B755-D50235D76612}.Debug|Any CPU.Build.0 = Debug|Any CPU
		{E8575DAB-B975-47A0-B755-D50235D76612}.Release|Any CPU.ActiveCfg = Release|Any CPU
		{E8575DAB-B975-47A0-B755-D50235D76612}.Release|Any CPU.Build.0 = Release|Any CPU
	EndGlobalSection
	GlobalSection(SolutionProperties) = preSolution
		HideSolutionNode = FALSE
	EndGlobalSection
	GlobalSection(ExtensibilityGlobals) = postSolution
		SolutionGuid = {9629C86B-7AFF-4887-ADB4-E95519C32794}
	EndGlobalSection
EndGlobal
